
Microsoft Visual Studio Solution File, Format Version 12.00
# Visual Studio Version 16
VisualStudioVersion = 16.0.31321.278
MinimumVisualStudioVersion = 10.0.40219.1
Project("{FAE04EC0-301F-11D3-BF4B-00C04F79EFBC}") = "nobel", "nobel.csproj", "{16A78393-BEEF-4EDA-9905-F4C3C0C646DF}"
EndProject
Global
	GlobalSection(SolutionConfigurationPlatforms) = preSolution
		Debug|Any CPU = Debug|Any CPU
		Release|Any CPU = Release|Any CPU
	EndGlobalSection
	GlobalSection(ProjectConfigurationPlatforms) = postSolution
		{16A78393-BEEF-4EDA-9905-F4C3C0C646DF}.Debug|Any CPU.ActiveCfg = Debug|Any CPU
		{16A78393-BEEF-4EDA-9905-F4C3C0C646DF}.Debug|Any CPU.Build.0 = Debug|Any CPU
		{16A78393-BEEF-4EDA-9905-F4C3C0C646DF}.Release|Any CPU.ActiveCfg = Release|Any CPU
		{16A78393-BEEF-4EDA-9905-F4C3C0C646DF}.Release|Any CPU.Build.0 = Release|Any CPU
	EndGlobalSection
	GlobalSection(SolutionProperties) = preSolution
		HideSolutionNode = FALSE
	EndGlobalSection
	GlobalSection(ExtensibilityGlobals) = postSolution
		SolutionGuid = {25173250-AB06-464A-BD86-3F1AAEF1BAF2}
	EndGlobalSection
EndGlobal
